{
  "pins" : [
    {
      "identity" : "charts",
      "kind" : "remoteSourceControl",
      "location" : "https://github.com/danielgindi/Charts.git",
      "state" : {
        "revision" : "dd9c72e3d7e751e769971092a6bd72d39198ae63",
        "version" : "5.1.0"
      }
    },
    {
      "identity" : "projectui",
      "kind" : "remoteSourceControl",
      "location" : "https://github.com/Bodgar10/ProjectUI",
      "state" : {
        "branch" : "main",
        "revision" : "cfc18bb3b5dc0e3f1dbbc98501048fe2866a1f7b"
      }
    }
  ],
  "version" : 2
}
